
Microsoft Visual Studio Solution File, Format Version 12.00
# Visual Studio Version 17
VisualStudioVersion = 17.1.32120.378
MinimumVisualStudioVersion = 10.0.40219.1
Project("{9A19103F-16F7-4668-BE54-9A1E7A4F7556}") = "KormoranWeb", "KormoranWeb\KormoranWeb.csproj", "{125BFEBA-2538-407E-9590-DCBD90E964F7}"
EndProject
Project("{FAE04EC0-301F-11D3-BF4B-00C04F79EFBC}") = "KormoranMobile.UWP", "KormoranMobile\KormoranMobile.UWP\KormoranMobile.UWP.csproj", "{CD994EE8-A432-42E2-AF81-4FBE37E65E6B}"
EndProject
Project("{FAE04EC0-301F-11D3-BF4B-00C04F79EFBC}") = "KormoranMobile.Android", "KormoranMobile\KormoranMobile.Android\KormoranMobile.Android.csproj", "{5DDEF03F-72AF-4C3D-A405-ED68795F4580}"
EndProject
Project("{FAE04EC0-301F-11D3-BF4B-00C04F79EFBC}") = "KormoranMobile.iOS", "KormoranMobile\KormoranMobile.iOS\KormoranMobile.iOS.csproj", "{16716260-72F1-48C1-B652-5C1401B4D2C4}"
EndProject
Project("{9A19103F-16F7-4668-BE54-9A1E7A4F7556}") = "KormoranMobile", "KormoranMobile\KormoranMobile\KormoranMobile.csproj", "{3AEC98A0-7034-452F-9190-D13AB630520E}"
EndProject
Project("{D954291E-2A0B-460D-934E-DC6B0785DB48}") = "KormoranShared", "KormoranShared\KormoranShared.shproj", "{0445529A-4C2D-4247-BB02-68871A5A15E6}"
EndProject
Global
	GlobalSection(SharedMSBuildProjectFiles) = preSolution
		KormoranShared\KormoranShared.projitems*{0445529a-4c2d-4247-bb02-68871a5a15e6}*SharedItemsImports = 13
		KormoranShared\KormoranShared.projitems*{125bfeba-2538-407e-9590-dcbd90e964f7}*SharedItemsImports = 5
		KormoranShared\KormoranShared.projitems*{3aec98a0-7034-452f-9190-d13ab630520e}*SharedItemsImports = 5
	EndGlobalSection
	GlobalSection(SolutionConfigurationPlatforms) = preSolution
		Debug|Any CPU = Debug|Any CPU
		Debug|ARM = Debug|ARM
		Debug|iPhone = Debug|iPhone
		Debug|iPhoneSimulator = Debug|iPhoneSimulator
		Debug|x64 = Debug|x64
		Debug|x86 = Debug|x86
		Release|Any CPU = Release|Any CPU
		Release|ARM = Release|ARM
		Release|iPhone = Release|iPhone
		Release|iPhoneSimulator = Release|iPhoneSimulator
		Release|x64 = Release|x64
		Release|x86 = Release|x86
	EndGlobalSection
	GlobalSection(ProjectConfigurationPlatforms) = postSolution
		{125BFEBA-2538-407E-9590-DCBD90E964F7}.Debug|Any CPU.ActiveCfg = Debug|Any CPU
		{125BFEBA-2538-407E-9590-DCBD90E964F7}.Debug|Any CPU.Build.0 = Debug|Any CPU
		{125BFEBA-2538-407E-9590-DCBD90E964F7}.Debug|ARM.ActiveCfg = Debug|Any CPU
		{125BFEBA-2538-407E-9590-DCBD90E964F7}.Debug|ARM.Build.0 = Debug|Any CPU
		{125BFEBA-2538-407E-9590-DCBD90E964F7}.Debug|iPhone.ActiveCfg = Debug|Any CPU
		{125BFEBA-2538-407E-9590-DCBD90E964F7}.Debug|iPhone.Build.0 = Debug|Any CPU
		{125BFEBA-2538-407E-9590-DCBD90E964F7}.Debug|iPhoneSimulator.ActiveCfg = Debug|Any CPU
		{125BFEBA-2538-407E-9590-DCBD90E964F7}.Debug|iPhoneSimulator.Build.0 = Debug|Any CPU
		{125BFEBA-2538-407E-9590-DCBD90E964F7}.Debug|x64.ActiveCfg = Debug|Any CPU
		{125BFEBA-2538-407E-9590-DCBD90E964F7}.Debug|x64.Build.0 = Debug|Any CPU
		{125BFEBA-2538-407E-9590-DCBD90E964F7}.Debug|x86.ActiveCfg = Debug|Any CPU
		{125BFEBA-2538-407E-9590-DCBD90E964F7}.Debug|x86.Build.0 = Debug|Any CPU
		{125BFEBA-2538-407E-9590-DCBD90E964F7}.Release|Any CPU.ActiveCfg = Release|Any CPU
		{125BFEBA-2538-407E-9590-DCBD90E964F7}.Release|Any CPU.Build.0 = Release|Any CPU
		{125BFEBA-2538-407E-9590-DCBD90E964F7}.Release|ARM.ActiveCfg = Release|Any CPU
		{125BFEBA-2538-407E-9590-DCBD90E964F7}.Release|ARM.Build.0 = Release|Any CPU
		{125BFEBA-2538-407E-9590-DCBD90E964F7}.Release|iPhone.ActiveCfg = Release|Any CPU
		{125BFEBA-2538-407E-9590-DCBD90E964F7}.Release|iPhone.Build.0 = Release|Any CPU
		{125BFEBA-2538-407E-9590-DCBD90E964F7}.Release|iPhoneSimulator.ActiveCfg = Release|Any CPU
		{125BFEBA-2538-407E-9590-DCBD90E964F7}.Release|iPhoneSimulator.Build.0 = Release|Any CPU
		{125BFEBA-2538-407E-9590-DCBD90E964F7}.Release|x64.ActiveCfg = Release|Any CPU
		{125BFEBA-2538-407E-9590-DCBD90E964F7}.Release|x64.Build.0 = Release|Any CPU
		{125BFEBA-2538-407E-9590-DCBD90E964F7}.Release|x86.ActiveCfg = Release|Any CPU
		{125BFEBA-2538-407E-9590-DCBD90E964F7}.Release|x86.Build.0 = Release|Any CPU
		{CD994EE8-A432-42E2-AF81-4FBE37E65E6B}.Debug|Any CPU.ActiveCfg = Debug|x64
		{CD994EE8-A432-42E2-AF81-4FBE37E65E6B}.Debug|Any CPU.Build.0 = Debug|x64
		{CD994EE8-A432-42E2-AF81-4FBE37E65E6B}.Debug|Any CPU.Deploy.0 = Debug|x64
		{CD994EE8-A432-42E2-AF81-4FBE37E65E6B}.Debug|ARM.ActiveCfg = Debug|ARM
		{CD994EE8-A432-42E2-AF81-4FBE37E65E6B}.Debug|ARM.Build.0 = Debug|ARM
		{CD994EE8-A432-42E2-AF81-4FBE37E65E6B}.Debug|ARM.Deploy.0 = Debug|ARM
		{CD994EE8-A432-42E2-AF81-4FBE37E65E6B}.Debug|iPhone.ActiveCfg = Debug|x64
		{CD994EE8-A432-42E2-AF81-4FBE37E65E6B}.Debug|iPhone.Build.0 = Debug|x64
		{CD994EE8-A432-42E2-AF81-4FBE37E65E6B}.Debug|iPhone.Deploy.0 = Debug|x64
		{CD994EE8-A432-42E2-AF81-4FBE37E65E6B}.Debug|iPhoneSimulator.ActiveCfg = Debug|x64
		{CD994EE8-A432-42E2-AF81-4FBE37E65E6B}.Debug|iPhoneSimulator.Build.0 = Debug|x64
		{CD994EE8-A432-42E2-AF81-4FBE37E65E6B}.Debug|iPhoneSimulator.Deploy.0 = Debug|x64
		{CD994EE8-A432-42E2-AF81-4FBE37E65E6B}.Debug|x64.ActiveCfg = Debug|x64
		{CD994EE8-A432-42E2-AF81-4FBE37E65E6B}.Debug|x64.Build.0 = Debug|x64
		{CD994EE8-A432-42E2-AF81-4FBE37E65E6B}.Debug|x64.Deploy.0 = Debug|x64
		{CD994EE8-A432-42E2-AF81-4FBE37E65E6B}.Debug|x86.ActiveCfg = Debug|x86
		{CD994EE8-A432-42E2-AF81-4FBE37E65E6B}.Debug|x86.Build.0 = Debug|x86
		{CD994EE8-A432-42E2-AF81-4FBE37E65E6B}.Debug|x86.Deploy.0 = Debug|x86
		{CD994EE8-A432-42E2-AF81-4FBE37E65E6B}.Release|Any CPU.ActiveCfg = Release|x64
		{CD994EE8-A432-42E2-AF81-4FBE37E65E6B}.Release|Any CPU.Build.0 = Release|x64
		{CD994EE8-A432-42E2-AF81-4FBE37E65E6B}.Release|Any CPU.Deploy.0 = Release|x64
		{CD994EE8-A432-42E2-AF81-4FBE37E65E6B}.Release|ARM.ActiveCfg = Release|ARM
		{CD994EE8-A432-42E2-AF81-4FBE37E65E6B}.Release|ARM.Build.0 = Release|ARM
		{CD994EE8-A432-42E2-AF81-4FBE37E65E6B}.Release|ARM.Deploy.0 = Release|ARM
		{CD994EE8-A432-42E2-AF81-4FBE37E65E6B}.Release|iPhone.ActiveCfg = Release|x64
		{CD994EE8-A432-42E2-AF81-4FBE37E65E6B}.Release|iPhone.Build.0 = Release|x64
		{CD994EE8-A432-42E2-AF81-4FBE37E65E6B}.Release|iPhone.Deploy.0 = Release|x64
		{CD994EE8-A432-42E2-AF81-4FBE37E65E6B}.Release|iPhoneSimulator.ActiveCfg = Release|x64
		{CD994EE8-A432-42E2-AF81-4FBE37E65E6B}.Release|iPhoneSimulator.Build.0 = Release|x64
		{CD994EE8-A432-42E2-AF81-4FBE37E65E6B}.Release|iPhoneSimulator.Deploy.0 = Release|x64
		{CD994EE8-A432-42E2-AF81-4FBE37E65E6B}.Release|x64.ActiveCfg = Release|x64
		{CD994EE8-A432-42E2-AF81-4FBE37E65E6B}.Release|x64.Build.0 = Release|x64
		{CD994EE8-A432-42E2-AF81-4FBE37E65E6B}.Release|x64.Deploy.0 = Release|x64
		{CD994EE8-A432-42E2-AF81-4FBE37E65E6B}.Release|x86.ActiveCfg = Release|x86
		{CD994EE8-A432-42E2-AF81-4FBE37E65E6B}.Release|x86.Build.0 = Release|x86
		{CD994EE8-A432-42E2-AF81-4FBE37E65E6B}.Release|x86.Deploy.0 = Release|x86
		{5DDEF03F-72AF-4C3D-A405-ED68795F4580}.Debug|Any CPU.ActiveCfg = Debug|Any CPU
		{5DDEF03F-72AF-4C3D-A405-ED68795F4580}.Debug|Any CPU.Build.0 = Debug|Any CPU
		{5DDEF03F-72AF-4C3D-A405-ED68795F4580}.Debug|Any CPU.Deploy.0 = Debug|Any CPU
		{5DDEF03F-72AF-4C3D-A405-ED68795F4580}.Debug|ARM.ActiveCfg = Debug|Any CPU
		{5DDEF03F-72AF-4C3D-A405-ED68795F4580}.Debug|ARM.Build.0 = Debug|Any CPU
		{5DDEF03F-72AF-4C3D-A405-ED68795F4580}.Debug|ARM.Deploy.0 = Debug|Any CPU
		{5DDEF03F-72AF-4C3D-A405-ED68795F4580}.Debug|iPhone.ActiveCfg = Debug|Any CPU
		{5DDEF03F-72AF-4C3D-A405-ED68795F4580}.Debug|iPhone.Build.0 = Debug|Any CPU
		{5DDEF03F-72AF-4C3D-A405-ED68795F4580}.Debug|iPhone.Deploy.0 = Debug|Any CPU
		{5DDEF03F-72AF-4C3D-A405-ED68795F4580}.Debug|iPhoneSimulator.ActiveCfg = Debug|Any CPU
		{5DDEF03F-72AF-4C3D-A405-ED68795F4580}.Debug|iPhoneSimulator.Build.0 = Debug|Any CPU
		{5DDEF03F-72AF-4C3D-A405-ED68795F4580}.Debug|iPhoneSimulator.Deploy.0 = Debug|Any CPU
		{5DDEF03F-72AF-4C3D-A405-ED68795F4580}.Debug|x64.ActiveCfg = Debug|Any CPU
		{5DDEF03F-72AF-4C3D-A405-ED68795F4580}.Debug|x64.Build.0 = Debug|Any CPU
		{5DDEF03F-72AF-4C3D-A405-ED68795F4580}.Debug|x64.Deploy.0 = Debug|Any CPU
		{5DDEF03F-72AF-4C3D-A405-ED68795F4580}.Debug|x86.ActiveCfg = Debug|Any CPU
		{5DDEF03F-72AF-4C3D-A405-ED68795F4580}.Debug|x86.Build.0 = Debug|Any CPU
		{5DDEF03F-72AF-4C3D-A405-ED68795F4580}.Debug|x86.Deploy.0 = Debug|Any CPU
		{5DDEF03F-72AF-4C3D-A405-ED68795F4580}.Release|Any CPU.ActiveCfg = Release|Any CPU
		{5DDEF03F-72AF-4C3D-A405-ED68795F4580}.Release|Any CPU.Build.0 = Release|Any CPU
		{5DDEF03F-72AF-4C3D-A405-ED68795F4580}.Release|Any CPU.Deploy.0 = Release|Any CPU
		{5DDEF03F-72AF-4C3D-A405-ED68795F4580}.Release|ARM.ActiveCfg = Release|Any CPU
		{5DDEF03F-72AF-4C3D-A405-ED68795F4580}.Release|ARM.Build.0 = Release|Any CPU
		{5DDEF03F-72AF-4C3D-A405-ED68795F4580}.Release|ARM.Deploy.0 = Release|Any CPU
		{5DDEF03F-72AF-4C3D-A405-ED68795F4580}.Release|iPhone.ActiveCfg = Release|Any CPU
		{5DDEF03F-72AF-4C3D-A405-ED68795F4580}.Release|iPhone.Build.0 = Release|Any CPU
		{5DDEF03F-72AF-4C3D-A405-ED68795F4580}.Release|iPhone.Deploy.0 = Release|Any CPU
		{5DDEF03F-72AF-4C3D-A405-ED68795F4580}.Release|iPhoneSimulator.ActiveCfg = Release|Any CPU
		{5DDEF03F-72AF-4C3D-A405-ED68795F4580}.Release|iPhoneSimulator.Build.0 = Release|Any CPU
		{5DDEF03F-72AF-4C3D-A405-ED68795F4580}.Release|iPhoneSimulator.Deploy.0 = Release|Any CPU
		{5DDEF03F-72AF-4C3D-A405-ED68795F4580}.Release|x64.ActiveCfg = Release|Any CPU
		{5DDEF03F-72AF-4C3D-A405-ED68795F4580}.Release|x64.Build.0 = Release|Any CPU
		{5DDEF03F-72AF-4C3D-A405-ED68795F4580}.Release|x64.Deploy.0 = Release|Any CPU
		{5DDEF03F-72AF-4C3D-A405-ED68795F4580}.Release|x86.ActiveCfg = Release|Any CPU
		{5DDEF03F-72AF-4C3D-A405-ED68795F4580}.Release|x86.Build.0 = Release|Any CPU
		{5DDEF03F-72AF-4C3D-A405-ED68795F4580}.Release|x86.Deploy.0 = Release|Any CPU
		{16716260-72F1-48C1-B652-5C1401B4D2C4}.Debug|Any CPU.ActiveCfg = Debug|iPhoneSimulator
		{16716260-72F1-48C1-B652-5C1401B4D2C4}.Debug|Any CPU.Build.0 = Debug|iPhoneSimulator
		{16716260-72F1-48C1-B652-5C1401B4D2C4}.Debug|ARM.ActiveCfg = Debug|iPhoneSimulator
		{16716260-72F1-48C1-B652-5C1401B4D2C4}.Debug|ARM.Build.0 = Debug|iPhoneSimulator
		{16716260-72F1-48C1-B652-5C1401B4D2C4}.Debug|iPhone.ActiveCfg = Debug|iPhone
		{16716260-72F1-48C1-B652-5C1401B4D2C4}.Debug|iPhone.Build.0 = Debug|iPhone
		{16716260-72F1-48C1-B652-5C1401B4D2C4}.Debug|iPhoneSimulator.ActiveCfg = Debug|iPhoneSimulator
		{16716260-72F1-48C1-B652-5C1401B4D2C4}.Debug|iPhoneSimulator.Build.0 = Debug|iPhoneSimulator
		{16716260-72F1-48C1-B652-5C1401B4D2C4}.Debug|x64.ActiveCfg = Debug|iPhoneSimulator
		{16716260-72F1-48C1-B652-5C1401B4D2C4}.Debug|x64.Build.0 = Debug|iPhoneSimulator
		{16716260-72F1-48C1-B652-5C1401B4D2C4}.Debug|x86.ActiveCfg = Debug|iPhoneSimulator
		{16716260-72F1-48C1-B652-5C1401B4D2C4}.Debug|x86.Build.0 = Debug|iPhoneSimulator
		{16716260-72F1-48C1-B652-5C1401B4D2C4}.Release|Any CPU.ActiveCfg = Release|iPhoneSimulator
		{16716260-72F1-48C1-B652-5C1401B4D2C4}.Release|Any CPU.Build.0 = Release|iPhoneSimulator
		{16716260-72F1-48C1-B652-5C1401B4D2C4}.Release|ARM.ActiveCfg = Release|iPhoneSimulator
		{16716260-72F1-48C1-B652-5C1401B4D2C4}.Release|ARM.Build.0 = Release|iPhoneSimulator
		{16716260-72F1-48C1-B652-5C1401B4D2C4}.Release|iPhone.ActiveCfg = Release|iPhone
		{16716260-72F1-48C1-B652-5C1401B4D2C4}.Release|iPhone.Build.0 = Release|iPhone
		{16716260-72F1-48C1-B652-5C1401B4D2C4}.Release|iPhoneSimulator.ActiveCfg = Release|iPhoneSimulator
		{16716260-72F1-48C1-B652-5C1401B4D2C4}.Release|iPhoneSimulator.Build.0 = Release|iPhoneSimulator
		{16716260-72F1-48C1-B652-5C1401B4D2C4}.Release|x64.ActiveCfg = Release|iPhoneSimulator
		{16716260-72F1-48C1-B652-5C1401B4D2C4}.Release|x64.Build.0 = Release|iPhoneSimulator
		{16716260-72F1-48C1-B652-5C1401B4D2C4}.Release|x86.ActiveCfg = Release|iPhoneSimulator
		{16716260-72F1-48C1-B652-5C1401B4D2C4}.Release|x86.Build.0 = Release|iPhoneSimulator
		{3AEC98A0-7034-452F-9190-D13AB630520E}.Debug|Any CPU.ActiveCfg = Debug|Any CPU
		{3AEC98A0-7034-452F-9190-D13AB630520E}.Debug|Any CPU.Build.0 = Debug|Any CPU
		{3AEC98A0-7034-452F-9190-D13AB630520E}.Debug|ARM.ActiveCfg = Debug|Any CPU
		{3AEC98A0-7034-452F-9190-D13AB630520E}.Debug|ARM.Build.0 = Debug|Any CPU
		{3AEC98A0-7034-452F-9190-D13AB630520E}.Debug|iPhone.ActiveCfg = Debug|Any CPU
		{3AEC98A0-7034-452F-9190-D13AB630520E}.Debug|iPhone.Build.0 = Debug|Any CPU
		{3AEC98A0-7034-452F-9190-D13AB630520E}.Debug|iPhoneSimulator.ActiveCfg = Debug|Any CPU
		{3AEC98A0-7034-452F-9190-D13AB630520E}.Debug|iPhoneSimulator.Build.0 = Debug|Any CPU
		{3AEC98A0-7034-452F-9190-D13AB630520E}.Debug|x64.ActiveCfg = Debug|Any CPU
		{3AEC98A0-7034-452F-9190-D13AB630520E}.Debug|x64.Build.0 = Debug|Any CPU
		{3AEC98A0-7034-452F-9190-D13AB630520E}.Debug|x86.ActiveCfg = Debug|Any CPU
		{3AEC98A0-7034-452F-9190-D13AB630520E}.Debug|x86.Build.0 = Debug|Any CPU
		{3AEC98A0-7034-452F-9190-D13AB630520E}.Release|Any CPU.ActiveCfg = Release|Any CPU
		{3AEC98A0-7034-452F-9190-D13AB630520E}.Release|Any CPU.Build.0 = Release|Any CPU
		{3AEC98A0-7034-452F-9190-D13AB630520E}.Release|ARM.ActiveCfg = Release|Any CPU
		{3AEC98A0-7034-452F-9190-D13AB630520E}.Release|ARM.Build.0 = Release|Any CPU
		{3AEC98A0-7034-452F-9190-D13AB630520E}.Release|iPhone.ActiveCfg = Release|Any CPU
		{3AEC98A0-7034-452F-9190-D13AB630520E}.Release|iPhone.Build.0 = Release|Any CPU
		{3AEC98A0-7034-452F-9190-D13AB630520E}.Release|iPhoneSimulator.ActiveCfg = Release|Any CPU
		{3AEC98A0-7034-452F-9190-D13AB630520E}.Release|iPhoneSimulator.Build.0 = Release|Any CPU
		{3AEC98A0-7034-452F-9190-D13AB630520E}.Release|x64.ActiveCfg = Release|Any CPU
		{3AEC98A0-7034-452F-9190-D13AB630520E}.Release|x64.Build.0 = Release|Any CPU
		{3AEC98A0-7034-452F-9190-D13AB630520E}.Release|x86.ActiveCfg = Release|Any CPU
		{3AEC98A0-7034-452F-9190-D13AB630520E}.Release|x86.Build.0 = Release|Any CPU
	EndGlobalSection
	GlobalSection(SolutionProperties) = preSolution
		HideSolutionNode = FALSE
	EndGlobalSection
	GlobalSection(ExtensibilityGlobals) = postSolution
		SolutionGuid = {9108725C-2DAE-4B8C-A93F-BB02A519385B}
	EndGlobalSection
EndGlobal
